// !$*UTF8*$!
{
	archiveVersion = 1;
	classes = {
	};
	objectVersion = 46;
	objects = {

/* Begin PBXBuildFile section */
		1859ECD51DCC2499000B69AB /* NSString+componentsByLength.m in Sources */ = {isa = PBXBuildFile; fileRef = 1859ECD41DCC2499000B69AB /* NSString+componentsByLength.m */; };
		18E16FB11DC9B959001D5B64 /* main.m in Sources */ = {isa = PBXBuildFile; fileRef = 18E16FB01DC9B959001D5B64 /* main.m */; };
		18E16FB41DC9B959001D5B64 /* AppDelegate.m in Sources */ = {isa = PBXBuildFile; fileRef = 18E16FB31DC9B959001D5B64 /* AppDelegate.m */; };
		18E16FB71DC9B959001D5B64 /* ViewController.m in Sources */ = {isa = PBXBuildFile; fileRef = 18E16FB61DC9B959001D5B64 /* ViewController.m */; };
		18E16FBA1DC9B959001D5B64 /* Main.storyboard in Resources */ = {isa = PBXBuildFile; fileRef = 18E16FB81DC9B959001D5B64 /* Main.storyboard */; };
		18E16FBC1DC9B959001D5B64 /* Assets.xcassets in Resources */ = {isa = PBXBuildFile; fileRef = 18E16FBB1DC9B959001D5B64 /* Assets.xcassets */; };
		18E16FBF1DC9B959001D5B64 /* LaunchScreen.storyboard in Resources */ = {isa = PBXBuildFile; fileRef = 18E16FBD1DC9B959001D5B64 /* LaunchScreen.storyboard */; };
		18E16FC81DC9C1EB001D5B64 /* NFCViewController.m in Sources */ = {isa = PBXBuildFile; fileRef = 18E16FC71DC9C1EB001D5B64 /* NFCViewController.m */; };
		255547F744AE4B6701700E10 /* libPods-BLEApplication.a in Frameworks */ = {isa = PBXBuildFile; fileRef = D1BF955137C74F5F7FD63AA9 /* libPods-BLEApplication.a */; };
/* End PBXBuildFile section */

/* Begin PBXFileReference section */
		0BC5EF991F47FBB1BDF9AF9B /* Pods-BLEApplication.debug.xcconfig */ = {isa = PBXFileReference; includeInIndex = 1; lastKnownFileType = text.xcconfig; name = "Pods-BLEApplication.debug.xcconfig"; path = "Pods/Target Support Files/Pods-BLEApplication/Pods-BLEApplication.debug.xcconfig"; sourceTree = "<group>"; };
		1859ECD31DCC2499000B69AB /* NSString+componentsByLength.h */ = {isa = PBXFileReference; fileEncoding = 4; lastKnownFileType = sourcecode.c.h; path = "NSString+componentsByLength.h"; sourceTree = "<group>"; };
		1859ECD41DCC2499000B69AB /* NSString+componentsByLength.m */ = {isa = PBXFileReference; fileEncoding = 4; lastKnownFileType = sourcecode.c.objc; path = "NSString+componentsByLength.m"; sourceTree = "<group>"; };
		18E16FAC1DC9B959001D5B64 /* BLEApplication.app */ = {isa = PBXFileReference; explicitFileType = wrapper.application; includeInIndex = 0; path = BLEApplication.app; sourceTree = BUILT_PRODUCTS_DIR; };
		18E16FB01DC9B959001D5B64 /* main.m */ = {isa = PBXFileReference; lastKnownFileType = sourcecode.c.objc; path = main.m; sourceTree = "<group>"; };
		18E16FB21DC9B959001D5B64 /* AppDelegate.h */ = {isa = PBXFileReference; lastKnownFileType = sourcecode.c.h; path = AppDelegate.h; sourceTree = "<group>"; };
		18E16FB31DC9B959001D5B64 /* AppDelegate.m */ = {isa = PBXFileReference; lastKnownFileType = sourcecode.c.objc; path = AppDelegate.m; sourceTree = "<group>"; };
		18E16FB51DC9B959001D5B64 /* ViewController.h */ = {isa = PBXFileReference; lastKnownFileType = sourcecode.c.h; path = ViewController.h; sourceTree = "<group>"; };
		18E16FB61DC9B959001D5B64 /* ViewController.m */ = {isa = PBXFileReference; lastKnownFileType = sourcecode.c.objc; path = ViewController.m; sourceTree = "<group>"; };
		18E16FB91DC9B959001D5B64 /* Base */ = {isa = PBXFileReference; lastKnownFileType = file.storyboard; name = Base; path = Base.lproj/Main.storyboard; sourceTree = "<group>"; };
		18E16FBB1DC9B959001D5B64 /* Assets.xcassets */ = {isa = PBXFileReference; lastKnownFileType = folder.assetcatalog; path = Assets.xcassets; sourceTree = "<group>"; };
		18E16FBE1DC9B959001D5B64 /* Base */ = {isa = PBXFileReference; lastKnownFileType = file.storyboard; name = Base; path = Base.lproj/LaunchScreen.storyboard; sourceTree = "<group>"; };
		18E16FC01DC9B959001D5B64 /* Info.plist */ = {isa = PBXFileReference; lastKnownFileType = text.plist.xml; path = Info.plist; sourceTree = "<group>"; };
		18E16FC61DC9C1EB001D5B64 /* NFCViewController.h */ = {isa = PBXFileReference; fileEncoding = 4; lastKnownFileType = sourcecode.c.h; path = NFCViewController.h; sourceTree = "<group>"; };
		18E16FC71DC9C1EB001D5B64 /* NFCViewController.m */ = {isa = PBXFileReference; fileEncoding = 4; lastKnownFileType = sourcecode.c.objc; path = NFCViewController.m; sourceTree = "<group>"; };
		A4202EE653806217B53A8EF8 /* Pods-BLEApplication.release.xcconfig */ = {isa = PBXFileReference; includeInIndex = 1; lastKnownFileType = text.xcconfig; name = "Pods-BLEApplication.release.xcconfig"; path = "Pods/Target Support Files/Pods-BLEApplication/Pods-BLEApplication.release.xcconfig"; sourceTree = "<group>"; };
		D1BF955137C74F5F7FD63AA9 /* libPods-BLEApplication.a */ = {isa = PBXFileReference; explicitFileType = archive.ar; includeInIndex = 0; path = "libPods-BLEApplication.a"; sourceTree = BUILT_PRODUCTS_DIR; };
/* End PBXFileReference section */

/* Begin PBXFrameworksBuildPhase section */
		18E16FA91DC9B959001D5B64 /* Frameworks */ = {
			isa = PBXFrameworksBuildPhase;
			buildActionMask = 2147483647;
			files = (
				255547F744AE4B6701700E10 /* libPods-BLEApplication.a in Frameworks */,
			);
			runOnlyForDeploymentPostprocessing = 0;
		};
/* End PBXFrameworksBuildPhase section */

/* Begin PBXGroup section */
		18E16FA31DC9B959001D5B64 = {
			isa = PBXGroup;
			children = (
				18E16FAE1DC9B959001D5B64 /* BLEApplication */,
				18E16FAD1DC9B959001D5B64 /* Products */,
				1B1736BA88E8A2A44061C73A /* Pods */,
				E93360D3D3C08B6FB891173F /* Frameworks */,
			);
			sourceTree = "<group>";
		};
		18E16FAD1DC9B959001D5B64 /* Products */ = {
			isa = PBXGroup;
			children = (
				18E16FAC1DC9B959001D5B64 /* BLEApplication.app */,
			);
			name = Products;
			sourceTree = "<group>";
		};
		18E16FAE1DC9B959001D5B64 /* BLEApplication */ = {
			isa = PBXGroup;
			children = (
				18E16FB21DC9B959001D5B64 /* AppDelegate.h */,
				18E16FB31DC9B959001D5B64 /* AppDelegate.m */,
				18E16FB51DC9B959001D5B64 /* ViewController.h */,
				18E16FB61DC9B959001D5B64 /* ViewController.m */,
				18E16FB81DC9B959001D5B64 /* Main.storyboard */,
				18E16FBB1DC9B959001D5B64 /* Assets.xcassets */,
				18E16FBD1DC9B959001D5B64 /* LaunchScreen.storyboard */,
				18E16FC01DC9B959001D5B64 /* Info.plist */,
				18E16FAF1DC9B959001D5B64 /* Supporting Files */,
				18E16FC61DC9C1EB001D5B64 /* NFCViewController.h */,
				18E16FC71DC9C1EB001D5B64 /* NFCViewController.m */,
				1859ECD31DCC2499000B69AB /* NSString+componentsByLength.h */,
				1859ECD41DCC2499000B69AB /* NSString+componentsByLength.m */,
			);
			path = BLEApplication;
			sourceTree = "<group>";
		};
		18E16FAF1DC9B959001D5B64 /* Supporting Files */ = {
			isa = PBXGroup;
			children = (
				18E16FB01DC9B959001D5B64 /* main.m */,
			);
			name = "Supporting Files";
			sourceTree = "<group>";
		};
		1B1736BA88E8A2A44061C73A /* Pods */ = {
			isa = PBXGroup;
			children = (
				0BC5EF991F47FBB1BDF9AF9B /* Pods-BLEApplication.debug.xcconfig */,
				A4202EE653806217B53A8EF8 /* Pods-BLEApplication.release.xcconfig */,
			);
			name = Pods;
			sourceTree = "<group>";
		};
		E93360D3D3C08B6FB891173F /* Frameworks */ = {
			isa = PBXGroup;
			children = (
				D1BF955137C74F5F7FD63AA9 /* libPods-BLEApplication.a */,
			);
			name = Frameworks;
			sourceTree = "<group>";
		};
/* End PBXGroup section */

/* Begin PBXNativeTarget section */
		18E16FAB1DC9B959001D5B64 /* BLEApplication */ = {
			isa = PBXNativeTarget;
			buildConfigurationList = 18E16FC31DC9B959001D5B64 /* Build configuration list for PBXNativeTarget "BLEApplication" */;
			buildPhases = (
				C7BD778923E14A2E64F23D93 /* [CP] Check Pods Manifest.lock */,
				18E16FA81DC9B959001D5B64 /* Sources */,
				18E16FA91DC9B959001D5B64 /* Frameworks */,
				18E16FAA1DC9B959001D5B64 /* Resources */,
				E1F244669333F0A25A0516D0 /* [CP] Embed Pods Frameworks */,
				E3E20AB029A3207FB06B3496 /* [CP] Copy Pods Resources */,
			);
			buildRules = (
			);
			dependencies = (
			);
			name = BLEApplication;
			productName = BLEApplication;
			productReference = 18E16FAC1DC9B959001D5B64 /* BLEApplication.app */;
			productType = "com.apple.product-type.application";
		};
/* End PBXNativeTarget section */

/* Begin PBXProject section */
		18E16FA41DC9B959001D5B64 /* Project object */ = {
			isa = PBXProject;
			attributes = {
				LastUpgradeCheck = 0800;
				ORGANIZATIONNAME = Tsao;
				TargetAttributes = {
					18E16FAB1DC9B959001D5B64 = {
						CreatedOnToolsVersion = 8.0;
						DevelopmentTeam = 48QZ344N3S;
						ProvisioningStyle = Automatic;
					};
				};
			};
			buildConfigurationList = 18E16FA71DC9B959001D5B64 /* Build configuration list for PBXProject "BLEApplication" */;
			compatibilityVersion = "Xcode 3.2";
			developmentRegion = English;
			hasScannedForEncodings = 0;
			knownRegions = (
				en,
				Base,
			);
			mainGroup = 18E16FA31DC9B959001D5B64;
			productRefGroup = 18E16FAD1DC9B959001D5B64 /* Products */;
			projectDirPath = "";
			projectRoot = "";
			targets = (
				18E16FAB1DC9B959001D5B64 /* BLEApplication */,
			);
		};
/* End PBXProject section */

/* Begin PBXResourcesBuildPhase section */
		18E16FAA1DC9B959001D5B64 /* Resources */ = {
			isa = PBXResourcesBuildPhase;
			buildActionMask = 2147483647;
			files = (
				18E16FBF1DC9B959001D5B64 /* LaunchScreen.storyboard in Resources */,
				18E16FBC1DC9B959001D5B64 /* Assets.xcassets in Resources */,
				18E16FBA1DC9B959001D5B64 /* Main.storyboard in Resources */,
			);
			runOnlyForDeploymentPostprocessing = 0;
		};
/* End PBXResourcesBuildPhase section */

/* Begin PBXShellScriptBuildPhase section */
		C7BD778923E14A2E64F23D93 /* [CP] Check Pods Manifest.lock */ = {
			isa = PBXShellScriptBuildPhase;
			buildActionMask = 2147483647;
			files = (
			);
			inputPaths = (
			);
			name = "[CP] Check Pods Manifest.lock";
			outputPaths = (
			);
			runOnlyForDeploymentPostprocessing = 0;
			shellPath = /bin/sh;
			shellScript = "diff \"${PODS_ROOT}/../Podfile.lock\" \"${PODS_ROOT}/Manifest.lock\" > /dev/null\nif [[ $? != 0 ]] ; then\n    cat << EOM\nerror: The sandbox is not in sync with the Podfile.lock. Run 'pod install' or update your CocoaPods installation.\nEOM\n    exit 1\nfi\n";
			showEnvVarsInLog = 0;
		};
		E1F244669333F0A25A0516D0 /* [CP] Embed Pods Frameworks */ = {
			isa = PBXShellScriptBuildPhase;
			buildActionMask = 2147483647;
			files = (
			);
			inputPaths = (
			);
			name = "[CP] Embed Pods Frameworks";
			outputPaths = (
			);
			runOnlyForDeploymentPostprocessing = 0;
			shellPath = /bin/sh;
			shellScript = "\"${SRCROOT}/Pods/Target Support Files/Pods-BLEApplication/Pods-BLEApplication-frameworks.sh\"\n";
			showEnvVarsInLog = 0;
		};
		E3E20AB029A3207FB06B3496 /* [CP] Copy Pods Resources */ = {
			isa = PBXShellScriptBuildPhase;
			buildActionMask = 2147483647;
			files = (
			);
			inputPaths = (
			);
			name = "[CP] Copy Pods Resources";
			outputPaths = (
			);
			runOnlyForDeploymentPostprocessing = 0;
			shellPath = /bin/sh;
			shellScript = "\"${SRCROOT}/Pods/Target Support Files/Pods-BLEApplication/Pods-BLEApplication-resources.sh\"\n";
			showEnvVarsInLog = 0;
		};
/* End PBXShellScriptBuildPhase section */

/* Begin PBXSourcesBuildPhase section */
		18E16FA81DC9B959001D5B64 /* Sources */ = {
			isa = PBXSourcesBuildPhase;
			buildActionMask = 2147483647;
			files = (
				18E16FC81DC9C1EB001D5B64 /* NFCViewController.m in Sources */,
				18E16FB71DC9B959001D5B64 /* ViewController.m in Sources */,
				18E16FB41DC9B959001D5B64 /* AppDelegate.m in Sources */,
				1859ECD51DCC2499000B69AB /* NSString+componentsByLength.m in Sources */,
				18E16FB11DC9B959001D5B64 /* main.m in Sources */,
			);
			runOnlyForDeploymentPostprocessing = 0;
		};
/* End PBXSourcesBuildPhase section */

/* Begin PBXVariantGroup section */
		18E16FB81DC9B959001D5B64 /* Main.storyboard */ = {
			isa = PBXVariantGroup;
			children = (
				18E16FB91DC9B959001D5B64 /* Base */,
			);
			name = Main.storyboard;
			sourceTree = "<group>";
		};
		18E16FBD1DC9B959001D5B64 /* LaunchScreen.storyboard */ = {
			isa = PBXVariantGroup;
			children = (
				18E16FBE1DC9B959001D5B64 /* Base */,
			);
			name = LaunchScreen.storyboard;
			sourceTree = "<group>";
		};
/* End PBXVariantGroup section */

/* Begin XCBuildConfiguration section */
		18E16FC11DC9B959001D5B64 /* Debug */ = {
			isa = XCBuildConfiguration;
			buildSettings = {
				ALWAYS_SEARCH_USER_PATHS = NO;
				CLANG_ANALYZER_NONNULL = YES;
				CLANG_CXX_LANGUAGE_STANDARD = "gnu++0x";
				CLANG_CXX_LIBRARY = "libc++";
				CLANG_ENABLE_MODULES = YES;
				CLANG_ENABLE_OBJC_ARC = YES;
				CLANG_WARN_BOOL_CONVERSION = YES;
				CLANG_WARN_CONSTANT_CONVERSION = YES;
				CLANG_WARN_DIRECT_OBJC_ISA_USAGE = YES_ERROR;
				CLANG_WARN_DOCUMENTATION_COMMENTS = YES;
				CLANG_WARN_EMPTY_BODY = YES;
				CLANG_WARN_ENUM_CONVERSION = YES;
				CLANG_WARN_INFINITE_RECURSION = YES;
				CLANG_WARN_INT_CONVERSION = YES;
				CLANG_WARN_OBJC_ROOT_CLASS = YES_ERROR;
				CLANG_WARN_SUSPICIOUS_MOVES = YES;
				CLANG_WARN_UNREACHABLE_CODE = YES;
				CLANG_WARN__DUPLICATE_METHOD_MATCH = YES;
				"CODE_SIGN_IDENTITY[sdk=iphoneos*]" = "iPhone Developer";
				COPY_PHASE_STRIP = NO;
				DEBUG_INFORMATION_FORMAT = dwarf;
				ENABLE_STRICT_OBJC_MSGSEND = YES;
				ENABLE_TESTABILITY = YES;
				GCC_C_LANGUAGE_STANDARD = gnu99;
				GCC_DYNAMIC_NO_PIC = NO;
				GCC_NO_COMMON_BLOCKS = YES;
				GCC_OPTIMIZATION_LEVEL = 0;
				GCC_PREPROCESSOR_DEFINITIONS = (
					"DEBUG=1",
					"$(inherited)",
				);
				GCC_WARN_64_TO_32_BIT_CONVERSION = YES;
				GCC_WARN_ABOUT_RETURN_TYPE = YES_ERROR;
				GCC_WARN_UNDECLARED_SELECTOR = YES;
				GCC_WARN_UNINITIALIZED_AUTOS = YES_AGGRESSIVE;
				GCC_WARN_UNUSED_FUNCTION = YES;
				GCC_WARN_UNUSED_VARIABLE = YES;
				IPHONEOS_DEPLOYMENT_TARGET = 10.0;
				MTL_ENABLE_DEBUG_INFO = YES;
				ONLY_ACTIVE_ARCH = YES;
				SDKROOT = iphoneos;
			};
			name = Debug;
		};
		18E16FC21DC9B959001D5B64 /* Release */ = {
			isa = XCBuildConfiguration;
			buildSettings = {
				ALWAYS_SEARCH_USER_PATHS = NO;
				CLANG_ANALYZER_NONNULL = YES;
				CLANG_CXX_LANGUAGE_STANDARD = "gnu++0x";
				CLANG_CXX_LIBRARY = "libc++";
				CLANG_ENABLE_MODULES = YES;
				CLANG_ENABLE_OBJC_ARC = YES;
				CLANG_WARN_BOOL_CONVERSION = YES;
				CLANG_WARN_CONSTANT_CONVERSION = YES;
				CLANG_WARN_DIRECT_OBJC_ISA_USAGE = YES_ERROR;
				CLANG_WARN_DOCUMENTATION_COMMENTS = YES;
				CLANG_WARN_EMPTY_BODY = YES;
				CLANG_WARN_ENUM_CONVERSION = YES;
				CLANG_WARN_INFINITE_RECURSION = YES;
				CLANG_WARN_INT_CONVERSION = YES;
				CLANG_WARN_OBJC_ROOT_CLASS = YES_ERROR;
				CLANG_WARN_SUSPICIOUS_MOVES = YES;
				CLANG_WARN_UNREACHABLE_CODE = YES;
				CLANG_WARN__DUPLICATE_METHOD_MATCH = YES;
				"CODE_SIGN_IDENTITY[sdk=iphoneos*]" = "iPhone Developer";
				COPY_PHASE_STRIP = NO;
				DEBUG_INFORMATION_FORMAT = "dwarf-with-dsym";
				ENABLE_NS_ASSERTIONS = NO;
				ENABLE_STRICT_OBJC_MSGSEND = YES;
				GCC_C_LANGUAGE_STANDARD = gnu99;
				GCC_NO_COMMON_BLOCKS = YES;
				GCC_WARN_64_TO_32_BIT_CONVERSION = YES;
				GCC_WARN_ABOUT_RETURN_TYPE = YES_ERROR;
				GCC_WARN_UNDECLARED_SELECTOR = YES;
				GCC_WARN_UNINITIALIZED_AUTOS = YES_AGGRESSIVE;
				GCC_WARN_UNUSED_FUNCTION = YES;
				GCC_WARN_UNUSED_VARIABLE = YES;
				IPHONEOS_DEPLOYMENT_TARGET = 10.0;
				MTL_ENABLE_DEBUG_INFO = NO;
				SDKROOT = iphoneos;
				VALIDATE_PRODUCT = YES;
			};
			name = Release;
		};
		18E16FC41DC9B959001D5B64 /* Debug */ = {
			isa = XCBuildConfiguration;
			baseConfigurationReference = 0BC5EF991F47FBB1BDF9AF9B /* Pods-BLEApplication.debug.xcconfig */;
			buildSettings = {
				ASSETCATALOG_COMPILER_APPICON_NAME = "AppIcon-1";
				DEVELOPMENT_TEAM = 48QZ344N3S;
				INFOPLIST_FILE = BLEApplication/Info.plist;
				IPHONEOS_DEPLOYMENT_TARGET = 8.0;
				LD_RUNPATH_SEARCH_PATHS = "$(inherited) @executable_path/Frameworks";
				PRODUCT_BUNDLE_IDENTIFIER = jjh.BLEApplication;
				PRODUCT_NAME = "$(TARGET_NAME)";
			};
			name = Debug;
		};
		18E16FC51DC9B959001D5B64 /* Release */ = {
			isa = XCBuildConfiguration;
			baseConfigurationReference = A4202EE653806217B53A8EF8 /* Pods-BLEApplication.release.xcconfig */;
			buildSettings = {
				ASSETCATALOG_COMPILER_APPICON_NAME = "AppIcon-1";
				DEVELOPMENT_TEAM = 48QZ344N3S;
				INFOPLIST_FILE = BLEApplication/Info.plist;
				IPHONEOS_DEPLOYMENT_TARGET = 8.0;
				LD_RUNPATH_SEARCH_PATHS = "$(inherited) @executable_path/Frameworks";
				PRODUCT_BUNDLE_IDENTIFIER = jjh.BLEApplication;
				PRODUCT_NAME = "$(TARGET_NAME)";
			};
			name = Release;
		};
/* End XCBuildConfiguration section */

/* Begin XCConfigurationList section */
		18E16FA71DC9B959001D5B64 /* Build configuration list for PBXProject "BLEApplication" */ = {
			isa = XCConfigurationList;
			buildConfigurations = (
				18E16FC11DC9B959001D5B64 /* Debug */,
				18E16FC21DC9B959001D5B64 /* Release */,
			);
			defaultConfigurationIsVisible = 0;
			defaultConfigurationName = Release;
		};
		18E16FC31DC9B959001D5B64 /* Build configuration list for PBXNativeTarget "BLEApplication" */ = {
			isa = XCConfigurationList;
			buildConfigurations = (
				18E16FC41DC9B959001D5B64 /* Debug */,
				18E16FC51DC9B959001D5B64 /* Release */,
			);
			defaultConfigurationIsVisible = 0;
			defaultConfigurationName = Release;
		};
/* End XCConfigurationList section */
	};
	rootObject = 18E16FA41DC9B959001D5B64 /* Project object */;
}
